# THIS IS AN AUTOGENERATED FILE. DO NOT EDIT THIS FILE DIRECTLY.
# yarn lockfile v1


terraverse@^0.1.1:
  version "0.1.1"
  resolved "https://registry.yarnpkg.com/terraverse/-/terraverse-0.1.1.tgz#facf1396d10b5e1d86947b7cb0f3a2dcc18e57ef"
  integrity sha512-4C9y9eSkdY4xXfZEPOY9R+pLZApQk+R5EeCwff2JpFYe0k6Tj64yF91qBqeC4Fc8MqxlmIw7Qn1H+HAgTd404w==
